
Microsoft Visual Studio Solution File, Format Version 12.00
# Visual Studio Version 17
VisualStudioVersion = 17.9.34607.119
MinimumVisualStudioVersion = 10.0.40219.1
Project("{9A19103F-16F7-4668-BE54-9A1E7A4F7556}") = "01_inheritance", "01_inheritance\01_inheritance.csproj", "{14152162-1379-47D9-8BED-7652CB0432D1}"
EndProject
Project("{9A19103F-16F7-4668-BE54-9A1E7A4F7556}") = "02_abstract", "02_abstract\02_abstract.csproj", "{3EEE30B2-E640-49F0-B935-6001F11384AA}"
EndProject
Project("{FAE04EC0-301F-11D3-BF4B-00C04F79EFBC}") = "03_dp_strategy", "03_dp_strategy\03_dp_strategy.csproj", "{0556878B-809D-463D-9FF3-96559EDB7248}"
EndProject
Project("{FAE04EC0-301F-11D3-BF4B-00C04F79EFBC}") = "04_decorator", "04_decorator\04_decorator.csproj", "{AD362977-DD66-442E-8402-F305AD0E4F55}"
EndProject
Project("{FAE04EC0-301F-11D3-BF4B-00C04F79EFBC}") = "05_generic", "05_generic\05_generic.csproj", "{E4699D19-FFB7-46BD-B08E-2B97779E9147}"
EndProject
Project("{FAE04EC0-301F-11D3-BF4B-00C04F79EFBC}") = "06_interfaces", "06_interfaces\06_interfaces.csproj", "{4F1DC361-F6EC-4F96-B5B1-732AF8EDF957}"
EndProject
Project("{FAE04EC0-301F-11D3-BF4B-00C04F79EFBC}") = "07_exceptions", "07_exceptions\07_exceptions.csproj", "{933F8C2D-CF69-4781-B2E0-A559FAEC2EEF}"
EndProject
Project("{FAE04EC0-301F-11D3-BF4B-00C04F79EFBC}") = "08_dp_chain_of_resp", "08_dp_chain_of_resp\08_dp_chain_of_resp.csproj", "{FCEE7EC1-1E45-448A-8112-20E556500F5F}"
EndProject
Project("{FAE04EC0-301F-11D3-BF4B-00C04F79EFBC}") = "09_delegates", "09_delegates\09_delegates.csproj", "{07FA0312-EAC3-40C2-97C1-18A9A0082736}"
EndProject
Global
	GlobalSection(SolutionConfigurationPlatforms) = preSolution
		Debug|Any CPU = Debug|Any CPU
		Release|Any CPU = Release|Any CPU
	EndGlobalSection
	GlobalSection(ProjectConfigurationPlatforms) = postSolution
		{14152162-1379-47D9-8BED-7652CB0432D1}.Debug|Any CPU.ActiveCfg = Debug|Any CPU
		{14152162-1379-47D9-8BED-7652CB0432D1}.Debug|Any CPU.Build.0 = Debug|Any CPU
		{14152162-1379-47D9-8BED-7652CB0432D1}.Release|Any CPU.ActiveCfg = Release|Any CPU
		{14152162-1379-47D9-8BED-7652CB0432D1}.Release|Any CPU.Build.0 = Release|Any CPU
		{3EEE30B2-E640-49F0-B935-6001F11384AA}.Debug|Any CPU.ActiveCfg = Debug|Any CPU
		{3EEE30B2-E640-49F0-B935-6001F11384AA}.Debug|Any CPU.Build.0 = Debug|Any CPU
		{3EEE30B2-E640-49F0-B935-6001F11384AA}.Release|Any CPU.ActiveCfg = Release|Any CPU
		{3EEE30B2-E640-49F0-B935-6001F11384AA}.Release|Any CPU.Build.0 = Release|Any CPU
		{0556878B-809D-463D-9FF3-96559EDB7248}.Debug|Any CPU.ActiveCfg = Debug|Any CPU
		{0556878B-809D-463D-9FF3-96559EDB7248}.Debug|Any CPU.Build.0 = Debug|Any CPU
		{0556878B-809D-463D-9FF3-96559EDB7248}.Release|Any CPU.ActiveCfg = Release|Any CPU
		{0556878B-809D-463D-9FF3-96559EDB7248}.Release|Any CPU.Build.0 = Release|Any CPU
		{AD362977-DD66-442E-8402-F305AD0E4F55}.Debug|Any CPU.ActiveCfg = Debug|Any CPU
		{AD362977-DD66-442E-8402-F305AD0E4F55}.Debug|Any CPU.Build.0 = Debug|Any CPU
		{AD362977-DD66-442E-8402-F305AD0E4F55}.Release|Any CPU.ActiveCfg = Release|Any CPU
		{AD362977-DD66-442E-8402-F305AD0E4F55}.Release|Any CPU.Build.0 = Release|Any CPU
		{E4699D19-FFB7-46BD-B08E-2B97779E9147}.Debug|Any CPU.ActiveCfg = Debug|Any CPU
		{E4699D19-FFB7-46BD-B08E-2B97779E9147}.Debug|Any CPU.Build.0 = Debug|Any CPU
		{E4699D19-FFB7-46BD-B08E-2B97779E9147}.Release|Any CPU.ActiveCfg = Release|Any CPU
		{E4699D19-FFB7-46BD-B08E-2B97779E9147}.Release|Any CPU.Build.0 = Release|Any CPU
		{4F1DC361-F6EC-4F96-B5B1-732AF8EDF957}.Debug|Any CPU.ActiveCfg = Debug|Any CPU
		{4F1DC361-F6EC-4F96-B5B1-732AF8EDF957}.Debug|Any CPU.Build.0 = Debug|Any CPU
		{4F1DC361-F6EC-4F96-B5B1-732AF8EDF957}.Release|Any CPU.ActiveCfg = Release|Any CPU
		{4F1DC361-F6EC-4F96-B5B1-732AF8EDF957}.Release|Any CPU.Build.0 = Release|Any CPU
		{933F8C2D-CF69-4781-B2E0-A559FAEC2EEF}.Debug|Any CPU.ActiveCfg = Debug|Any CPU
		{933F8C2D-CF69-4781-B2E0-A559FAEC2EEF}.Debug|Any CPU.Build.0 = Debug|Any CPU
		{933F8C2D-CF69-4781-B2E0-A559FAEC2EEF}.Release|Any CPU.ActiveCfg = Release|Any CPU
		{933F8C2D-CF69-4781-B2E0-A559FAEC2EEF}.Release|Any CPU.Build.0 = Release|Any CPU
		{FCEE7EC1-1E45-448A-8112-20E556500F5F}.Debug|Any CPU.ActiveCfg = Debug|Any CPU
		{FCEE7EC1-1E45-448A-8112-20E556500F5F}.Debug|Any CPU.Build.0 = Debug|Any CPU
		{FCEE7EC1-1E45-448A-8112-20E556500F5F}.Release|Any CPU.ActiveCfg = Release|Any CPU
		{FCEE7EC1-1E45-448A-8112-20E556500F5F}.Release|Any CPU.Build.0 = Release|Any CPU
		{07FA0312-EAC3-40C2-97C1-18A9A0082736}.Debug|Any CPU.ActiveCfg = Debug|Any CPU
		{07FA0312-EAC3-40C2-97C1-18A9A0082736}.Debug|Any CPU.Build.0 = Debug|Any CPU
		{07FA0312-EAC3-40C2-97C1-18A9A0082736}.Release|Any CPU.ActiveCfg = Release|Any CPU
		{07FA0312-EAC3-40C2-97C1-18A9A0082736}.Release|Any CPU.Build.0 = Release|Any CPU
	EndGlobalSection
	GlobalSection(SolutionProperties) = preSolution
		HideSolutionNode = FALSE
	EndGlobalSection
	GlobalSection(ExtensibilityGlobals) = postSolution
		SolutionGuid = {B9DA5840-C7E6-48A3-87EC-557E6BA700E9}
	EndGlobalSection
EndGlobal
