
Microsoft Visual Studio Solution File, Format Version 12.00
# Visual Studio Version 17
VisualStudioVersion = 17.9.34607.119
MinimumVisualStudioVersion = 10.0.40219.1
Project("{9A19103F-16F7-4668-BE54-9A1E7A4F7556}") = "01_inheritance", "01_inheritance\01_inheritance.csproj", "{14152162-1379-47D9-8BED-7652CB0432D1}"
EndProject
Project("{FAE04EC0-301F-11D3-BF4B-00C04F79EFBC}") = "02_abstract", "02_abstract\02_abstract.csproj", "{3EEE30B2-E640-49F0-B935-6001F11384AA}"
EndProject
Global
	GlobalSection(SolutionConfigurationPlatforms) = preSolution
		Debug|Any CPU = Debug|Any CPU
		Release|Any CPU = Release|Any CPU
	EndGlobalSection
	GlobalSection(ProjectConfigurationPlatforms) = postSolution
		{14152162-1379-47D9-8BED-7652CB0432D1}.Debug|Any CPU.ActiveCfg = Debug|Any CPU
		{14152162-1379-47D9-8BED-7652CB0432D1}.Debug|Any CPU.Build.0 = Debug|Any CPU
		{14152162-1379-47D9-8BED-7652CB0432D1}.Release|Any CPU.ActiveCfg = Release|Any CPU
		{14152162-1379-47D9-8BED-7652CB0432D1}.Release|Any CPU.Build.0 = Release|Any CPU
		{3EEE30B2-E640-49F0-B935-6001F11384AA}.Debug|Any CPU.ActiveCfg = Debug|Any CPU
		{3EEE30B2-E640-49F0-B935-6001F11384AA}.Debug|Any CPU.Build.0 = Debug|Any CPU
		{3EEE30B2-E640-49F0-B935-6001F11384AA}.Release|Any CPU.ActiveCfg = Release|Any CPU
		{3EEE30B2-E640-49F0-B935-6001F11384AA}.Release|Any CPU.Build.0 = Release|Any CPU
	EndGlobalSection
	GlobalSection(SolutionProperties) = preSolution
		HideSolutionNode = FALSE
	EndGlobalSection
	GlobalSection(ExtensibilityGlobals) = postSolution
		SolutionGuid = {B9DA5840-C7E6-48A3-87EC-557E6BA700E9}
	EndGlobalSection
EndGlobal
