
Microsoft Visual Studio Solution File, Format Version 12.00
# Visual Studio Version 17
VisualStudioVersion = 17.9.34607.119
MinimumVisualStudioVersion = 10.0.40219.1
Project("{9A19103F-16F7-4668-BE54-9A1E7A4F7556}") = "00_class", "00_class\00_class.csproj", "{2A2446E1-AF34-46FC-B0D2-B2C1B8E22286}"
EndProject
Project("{FAE04EC0-301F-11D3-BF4B-00C04F79EFBC}") = "01_struct", "01_struct\01_struct.csproj", "{EDFEE283-2492-4A1A-862A-822DDCB2ED39}"
EndProject
Project("{FAE04EC0-301F-11D3-BF4B-00C04F79EFBC}") = "02_types", "02_types\02_types.csproj", "{91C690EB-5C65-48F3-B25B-46249624A4DB}"
EndProject
Project("{FAE04EC0-301F-11D3-BF4B-00C04F79EFBC}") = "03_namespaces", "03_namespaces\03_namespaces.csproj", "{0F73262B-9569-4B88-B571-009B2E870E12}"
EndProject
Global
	GlobalSection(SolutionConfigurationPlatforms) = preSolution
		Debug|Any CPU = Debug|Any CPU
		Release|Any CPU = Release|Any CPU
	EndGlobalSection
	GlobalSection(ProjectConfigurationPlatforms) = postSolution
		{2A2446E1-AF34-46FC-B0D2-B2C1B8E22286}.Debug|Any CPU.ActiveCfg = Debug|Any CPU
		{2A2446E1-AF34-46FC-B0D2-B2C1B8E22286}.Debug|Any CPU.Build.0 = Debug|Any CPU
		{2A2446E1-AF34-46FC-B0D2-B2C1B8E22286}.Release|Any CPU.ActiveCfg = Release|Any CPU
		{2A2446E1-AF34-46FC-B0D2-B2C1B8E22286}.Release|Any CPU.Build.0 = Release|Any CPU
		{EDFEE283-2492-4A1A-862A-822DDCB2ED39}.Debug|Any CPU.ActiveCfg = Debug|Any CPU
		{EDFEE283-2492-4A1A-862A-822DDCB2ED39}.Debug|Any CPU.Build.0 = Debug|Any CPU
		{EDFEE283-2492-4A1A-862A-822DDCB2ED39}.Release|Any CPU.ActiveCfg = Release|Any CPU
		{EDFEE283-2492-4A1A-862A-822DDCB2ED39}.Release|Any CPU.Build.0 = Release|Any CPU
		{91C690EB-5C65-48F3-B25B-46249624A4DB}.Debug|Any CPU.ActiveCfg = Debug|Any CPU
		{91C690EB-5C65-48F3-B25B-46249624A4DB}.Debug|Any CPU.Build.0 = Debug|Any CPU
		{91C690EB-5C65-48F3-B25B-46249624A4DB}.Release|Any CPU.ActiveCfg = Release|Any CPU
		{91C690EB-5C65-48F3-B25B-46249624A4DB}.Release|Any CPU.Build.0 = Release|Any CPU
		{0F73262B-9569-4B88-B571-009B2E870E12}.Debug|Any CPU.ActiveCfg = Debug|Any CPU
		{0F73262B-9569-4B88-B571-009B2E870E12}.Debug|Any CPU.Build.0 = Debug|Any CPU
		{0F73262B-9569-4B88-B571-009B2E870E12}.Release|Any CPU.ActiveCfg = Release|Any CPU
		{0F73262B-9569-4B88-B571-009B2E870E12}.Release|Any CPU.Build.0 = Release|Any CPU
	EndGlobalSection
	GlobalSection(SolutionProperties) = preSolution
		HideSolutionNode = FALSE
	EndGlobalSection
	GlobalSection(ExtensibilityGlobals) = postSolution
		SolutionGuid = {E43033B1-447D-4BDD-BD6C-823D15AA2588}
	EndGlobalSection
EndGlobal
