
Microsoft Visual Studio Solution File, Format Version 12.00
# Visual Studio Version 17
VisualStudioVersion = 17.9.34607.119
MinimumVisualStudioVersion = 10.0.40219.1
Project("{9A19103F-16F7-4668-BE54-9A1E7A4F7556}") = "00_intro", "00_intro\00_intro.csproj", "{AFFFA395-345A-44D6-96BD-0F9707667B1F}"
EndProject
Project("{FAE04EC0-301F-11D3-BF4B-00C04F79EFBC}") = "01_arrays", "01_arrays\01_arrays.csproj", "{59765DB3-F0FC-48A4-89B7-FE70092125D4}"
EndProject
Project("{FAE04EC0-301F-11D3-BF4B-00C04F79EFBC}") = "02_ methods", "02_ methods\02_ methods.csproj", "{D571B3E9-4C93-45B6-8FCD-9236B5D71A6D}"
EndProject
Global
	GlobalSection(SolutionConfigurationPlatforms) = preSolution
		Debug|Any CPU = Debug|Any CPU
		Release|Any CPU = Release|Any CPU
	EndGlobalSection
	GlobalSection(ProjectConfigurationPlatforms) = postSolution
		{AFFFA395-345A-44D6-96BD-0F9707667B1F}.Debug|Any CPU.ActiveCfg = Debug|Any CPU
		{AFFFA395-345A-44D6-96BD-0F9707667B1F}.Debug|Any CPU.Build.0 = Debug|Any CPU
		{AFFFA395-345A-44D6-96BD-0F9707667B1F}.Release|Any CPU.ActiveCfg = Release|Any CPU
		{AFFFA395-345A-44D6-96BD-0F9707667B1F}.Release|Any CPU.Build.0 = Release|Any CPU
		{59765DB3-F0FC-48A4-89B7-FE70092125D4}.Debug|Any CPU.ActiveCfg = Debug|Any CPU
		{59765DB3-F0FC-48A4-89B7-FE70092125D4}.Debug|Any CPU.Build.0 = Debug|Any CPU
		{59765DB3-F0FC-48A4-89B7-FE70092125D4}.Release|Any CPU.ActiveCfg = Release|Any CPU
		{59765DB3-F0FC-48A4-89B7-FE70092125D4}.Release|Any CPU.Build.0 = Release|Any CPU
		{D571B3E9-4C93-45B6-8FCD-9236B5D71A6D}.Debug|Any CPU.ActiveCfg = Debug|Any CPU
		{D571B3E9-4C93-45B6-8FCD-9236B5D71A6D}.Debug|Any CPU.Build.0 = Debug|Any CPU
		{D571B3E9-4C93-45B6-8FCD-9236B5D71A6D}.Release|Any CPU.ActiveCfg = Release|Any CPU
		{D571B3E9-4C93-45B6-8FCD-9236B5D71A6D}.Release|Any CPU.Build.0 = Release|Any CPU
	EndGlobalSection
	GlobalSection(SolutionProperties) = preSolution
		HideSolutionNode = FALSE
	EndGlobalSection
	GlobalSection(ExtensibilityGlobals) = postSolution
		SolutionGuid = {A7A23DB0-5F7D-498C-A211-2E3AAD40DF04}
	EndGlobalSection
EndGlobal
